{
  "nodes": {
    "home-manager": {
      "inputs": {
        "nixpkgs": [
          "nixpkgs"
        ]
      },
      "locked": {
<<<<<<< HEAD
        "lastModified": 1741955947,
        "narHash": "sha256-2lbURKclgKqBNm7hVRtWh0A7NrdsibD0EaWhahUVhhY=",
        "owner": "nix-community",
        "repo": "home-manager",
        "rev": "4e12151c9e014e2449e0beca2c0e9534b96a26b4",
=======
        "lastModified": 1742825959,
        "narHash": "sha256-wgnQZMrLLQJlZ+htTXzoQtoz9EzL15Z2crH3+OnRmMk=",
        "owner": "nix-community",
        "repo": "home-manager",
        "rev": "908e055e157a0b35466faf4125d7e7410ff56160",
>>>>>>> 5475cec (updated flake)
        "type": "github"
      },
      "original": {
        "owner": "nix-community",
        "repo": "home-manager",
        "type": "github"
      }
    },
    "nixos-hardware": {
      "locked": {
<<<<<<< HEAD
        "lastModified": 1741792691,
        "narHash": "sha256-f0BVt1/cvA0DQ/q3rB+HY4g4tKksd03ZkzI4xehC2Ew=",
        "owner": "NixOS",
        "repo": "nixos-hardware",
        "rev": "e1f12151258b12c567f456d8248e4694e9390613",
=======
        "lastModified": 1742806253,
        "narHash": "sha256-zvQ4GsCJT6MTOzPKLmlFyM+lxo0JGQ0cSFaZSACmWfY=",
        "owner": "NixOS",
        "repo": "nixos-hardware",
        "rev": "ecaa2d911e77c265c2a5bac8b583c40b0f151726",
>>>>>>> 5475cec (updated flake)
        "type": "github"
      },
      "original": {
        "owner": "NixOS",
        "ref": "master",
        "repo": "nixos-hardware",
        "type": "github"
      }
    },
    "nixpkgs": {
      "locked": {
<<<<<<< HEAD
        "lastModified": 1742069588,
        "narHash": "sha256-C7jVfohcGzdZRF6DO+ybyG/sqpo1h6bZi9T56sxLy+k=",
        "owner": "nixos",
        "repo": "nixpkgs",
        "rev": "c80f6a7e10b39afcc1894e02ef785b1ad0b0d7e5",
=======
        "lastModified": 1742669843,
        "narHash": "sha256-G5n+FOXLXcRx+3hCJ6Rt6ZQyF1zqQ0DL0sWAMn2Nk0w=",
        "owner": "nixos",
        "repo": "nixpkgs",
        "rev": "1e5b653dff12029333a6546c11e108ede13052eb",
>>>>>>> 5475cec (updated flake)
        "type": "github"
      },
      "original": {
        "owner": "nixos",
        "ref": "nixos-unstable",
        "repo": "nixpkgs",
        "type": "github"
      }
    },
    "nixpkgs_2": {
      "locked": {
<<<<<<< HEAD
        "lastModified": 1741708242,
        "narHash": "sha256-cNRqdQD4sZpN7JLqxVOze4+WsWTmv2DGH0wNCOVwrWc=",
        "owner": "NixOS",
        "repo": "nixpkgs",
        "rev": "b62d2a95c72fb068aecd374a7262b37ed92df82b",
=======
        "lastModified": 1742578646,
        "narHash": "sha256-GiQ40ndXRnmmbDZvuv762vS+gew1uDpFwOfgJ8tLiEs=",
        "owner": "NixOS",
        "repo": "nixpkgs",
        "rev": "94c4dbe77c0740ebba36c173672ca15a7926c993",
>>>>>>> 5475cec (updated flake)
        "type": "github"
      },
      "original": {
        "owner": "NixOS",
        "ref": "nixpkgs-unstable",
        "repo": "nixpkgs",
        "type": "github"
      }
    },
    "root": {
      "inputs": {
        "home-manager": "home-manager",
        "nixos-hardware": "nixos-hardware",
        "nixpkgs": "nixpkgs",
        "sops-nix": "sops-nix"
      }
    },
    "sops-nix": {
      "inputs": {
        "nixpkgs": "nixpkgs_2"
      },
      "locked": {
<<<<<<< HEAD
        "lastModified": 1741861888,
        "narHash": "sha256-ynOgXAyToeE1UdLNfrUn/hL7MN0OpIS2BtNdLjpjPf0=",
        "owner": "Mic92",
        "repo": "sops-nix",
        "rev": "d016ce0365b87d848a57c12ffcfdc71da7a2b55f",
=======
        "lastModified": 1742700801,
        "narHash": "sha256-ZGlpUDsuBdeZeTNgoMv+aw0ByXT2J3wkYw9kJwkAS4M=",
        "owner": "Mic92",
        "repo": "sops-nix",
        "rev": "67566fe68a8bed2a7b1175fdfb0697ed22ae8852",
>>>>>>> 5475cec (updated flake)
        "type": "github"
      },
      "original": {
        "owner": "Mic92",
        "repo": "sops-nix",
        "type": "github"
      }
    }
  },
  "root": "root",
  "version": 7
}
