{
  "nodes": {
    "home-manager": {
      "inputs": {
        "nixpkgs": [
          "nixpkgs"
        ]
      },
      "locked": {
        "lastModified": 1724412708,
        "narHash": "sha256-tLr1k+UZLVumyqXRU8E5lBtLjsvHSy8e2NiamfkjpYg=",
        "owner": "nix-community",
        "repo": "home-manager",
        "rev": "b18f3ebc4029c22d437e3424014c8597a8b459a0",
        "type": "github"
      },
      "original": {
        "owner": "nix-community",
        "repo": "home-manager",
        "type": "github"
      }
    },
    "nixos-hardware": {
      "locked": {
        "lastModified": 1722332872,
        "narHash": "sha256-2xLM4sc5QBfi0U/AANJAW21Bj4ZX479MHPMPkB+eKBU=",
        "owner": "NixOS",
        "repo": "nixos-hardware",
        "rev": "14c333162ba53c02853add87a0000cbd7aa230c2",
        "type": "github"
      },
      "original": {
        "owner": "NixOS",
        "ref": "master",
        "repo": "nixos-hardware",
        "type": "github"
      }
    },
    "nixpkgs": {
      "locked": {
        "lastModified": 1724224976,
        "narHash": "sha256-Z/ELQhrSd7bMzTO8r7NZgi9g5emh+aRKoCdaAv5fiO0=",
        "owner": "nixos",
        "repo": "nixpkgs",
        "rev": "c374d94f1536013ca8e92341b540eba4c22f9c62",
        "type": "github"
      },
      "original": {
        "owner": "nixos",
        "ref": "nixos-unstable",
        "repo": "nixpkgs",
        "type": "github"
      }
    },
    "root": {
      "inputs": {
        "home-manager": "home-manager",
        "nixos-hardware": "nixos-hardware",
        "nixpkgs": "nixpkgs"
      }
    }
  },
  "root": "root",
  "version": 7
}
